
Microsoft Visual Studio Solution File, Format Version 12.00
# Visual Studio 15
VisualStudioVersion = 15.0.28307.489
MinimumVisualStudioVersion = 10.0.40219.1
Project("{FAE04EC0-301F-11D3-BF4B-00C04F79EFBC}") = "project", "project\project.csproj", "{98620ED7-FDA7-435B-8C0F-6C62B6D9E2D5}"
EndProject
Global
	GlobalSection(SolutionConfigurationPlatforms) = preSolution
		Debug|Any CPU = Debug|Any CPU
		Release|Any CPU = Release|Any CPU
	EndGlobalSection
	GlobalSection(ProjectConfigurationPlatforms) = postSolution
		{98620ED7-FDA7-435B-8C0F-6C62B6D9E2D5}.Debug|Any CPU.ActiveCfg = Debug|Any CPU
		{98620ED7-FDA7-435B-8C0F-6C62B6D9E2D5}.Debug|Any CPU.Build.0 = Debug|Any CPU
		{98620ED7-FDA7-435B-8C0F-6C62B6D9E2D5}.Release|Any CPU.ActiveCfg = Release|Any CPU
		{98620ED7-FDA7-435B-8C0F-6C62B6D9E2D5}.Release|Any CPU.Build.0 = Release|Any CPU
	EndGlobalSection
	GlobalSection(SolutionProperties) = preSolution
		HideSolutionNode = FALSE
	EndGlobalSection
	GlobalSection(ExtensibilityGlobals) = postSolution
		SolutionGuid = {243B2CC9-660D-4FF5-B2E6-2D2111D1C9D9}
	EndGlobalSection
EndGlobal
